// !$*UTF8*$!
{
	archiveVersion = 1;
	classes = {
	};
	objectVersion = 46;
	objects = {

/* Begin PBXBuildFile section */
		0C144ABF1BDD8B8D00FA3943 /* UIImage+animatedGIF.m in Sources */ = {isa = PBXBuildFile; fileRef = 0C144ABE1BDD8B8D00FA3943 /* UIImage+animatedGIF.m */; };
		0C144AC61BDDA2DF00FA3943 /* Montserrat-Bold.ttf in Resources */ = {isa = PBXBuildFile; fileRef = 0C144AC41BDDA2DF00FA3943 /* Montserrat-Bold.ttf */; };
		0C144AC71BDDA2DF00FA3943 /* Montserrat-Regular.ttf in Resources */ = {isa = PBXBuildFile; fileRef = 0C144AC51BDDA2DF00FA3943 /* Montserrat-Regular.ttf */; };
		0C144AC91BDDA3CD00FA3943 /* SourceCodePro-Regular.ttf in Resources */ = {isa = PBXBuildFile; fileRef = 0C144AC81BDDA3CD00FA3943 /* SourceCodePro-Regular.ttf */; };
		0C144ACB1BDDABAB00FA3943 /* ErrorView.swift in Sources */ = {isa = PBXBuildFile; fileRef = 0C144ACA1BDDABAB00FA3943 /* ErrorView.swift */; };
		0C144ACE1BDDB29F00FA3943 /* KSIRingView.m in Sources */ = {isa = PBXBuildFile; fileRef = 0C144ACD1BDDB29F00FA3943 /* KSIRingView.m */; };
		0C144AD01BDDB2F100FA3943 /* LoadingView.swift in Sources */ = {isa = PBXBuildFile; fileRef = 0C144ACF1BDDB2F100FA3943 /* LoadingView.swift */; };
		0C3FC8181F5E523000031AFB /* ArchillectError.swift in Sources */ = {isa = PBXBuildFile; fileRef = 0C3FC8171F5E523000031AFB /* ArchillectError.swift */; };
		0C944A671BDC969B00486907 /* Assets.xcassets in Resources */ = {isa = PBXBuildFile; fileRef = 0C944A661BDC969B00486907 /* Assets.xcassets */; };
		0CE71D021BDD6111002077C1 /* AppDelegate.swift in Sources */ = {isa = PBXBuildFile; fileRef = 0CE71CFF1BDD6111002077C1 /* AppDelegate.swift */; };
		0CE71D031BDD6111002077C1 /* ArchillectController.swift in Sources */ = {isa = PBXBuildFile; fileRef = 0CE71D001BDD6111002077C1 /* ArchillectController.swift */; };
		0CE71D041BDD6111002077C1 /* ViewController.swift in Sources */ = {isa = PBXBuildFile; fileRef = 0CE71D011BDD6111002077C1 /* ViewController.swift */; };
		0CE71D071BDD6137002077C1 /* ArchillectAsset.swift in Sources */ = {isa = PBXBuildFile; fileRef = 0CE71D061BDD6137002077C1 /* ArchillectAsset.swift */; };
		0CE71D091BDD64E9002077C1 /* NSURLAdditions.swift in Sources */ = {isa = PBXBuildFile; fileRef = 0CE71D081BDD64E9002077C1 /* NSURLAdditions.swift */; };
		0CE71D0B1BDD7690002077C1 /* NSDataAdditions.swift in Sources */ = {isa = PBXBuildFile; fileRef = 0CE71D0A1BDD7690002077C1 /* NSDataAdditions.swift */; };
/* End PBXBuildFile section */

/* Begin PBXFileReference section */
		0C144ABC1BDD8B8C00FA3943 /* ArchillectTV-Bridging-Header.h */ = {isa = PBXFileReference; lastKnownFileType = sourcecode.c.h; path = "ArchillectTV-Bridging-Header.h"; sourceTree = "<group>"; };
		0C144ABD1BDD8B8D00FA3943 /* UIImage+animatedGIF.h */ = {isa = PBXFileReference; fileEncoding = 4; lastKnownFileType = sourcecode.c.h; path = "UIImage+animatedGIF.h"; sourceTree = "<group>"; };
		0C144ABE1BDD8B8D00FA3943 /* UIImage+animatedGIF.m */ = {isa = PBXFileReference; fileEncoding = 4; lastKnownFileType = sourcecode.c.objc; path = "UIImage+animatedGIF.m"; sourceTree = "<group>"; };
		0C144AC41BDDA2DF00FA3943 /* Montserrat-Bold.ttf */ = {isa = PBXFileReference; lastKnownFileType = file; path = "Montserrat-Bold.ttf"; sourceTree = "<group>"; };
		0C144AC51BDDA2DF00FA3943 /* Montserrat-Regular.ttf */ = {isa = PBXFileReference; lastKnownFileType = file; path = "Montserrat-Regular.ttf"; sourceTree = "<group>"; };
		0C144AC81BDDA3CD00FA3943 /* SourceCodePro-Regular.ttf */ = {isa = PBXFileReference; lastKnownFileType = file; path = "SourceCodePro-Regular.ttf"; sourceTree = "<group>"; };
		0C144ACA1BDDABAB00FA3943 /* ErrorView.swift */ = {isa = PBXFileReference; fileEncoding = 4; lastKnownFileType = sourcecode.swift; path = ErrorView.swift; sourceTree = "<group>"; };
		0C144ACC1BDDB29F00FA3943 /* KSIRingView.h */ = {isa = PBXFileReference; fileEncoding = 4; lastKnownFileType = sourcecode.c.h; path = KSIRingView.h; sourceTree = "<group>"; };
		0C144ACD1BDDB29F00FA3943 /* KSIRingView.m */ = {isa = PBXFileReference; fileEncoding = 4; lastKnownFileType = sourcecode.c.objc; path = KSIRingView.m; sourceTree = "<group>"; };
		0C144ACF1BDDB2F100FA3943 /* LoadingView.swift */ = {isa = PBXFileReference; fileEncoding = 4; lastKnownFileType = sourcecode.swift; path = LoadingView.swift; sourceTree = "<group>"; };
		0C3FC8171F5E523000031AFB /* ArchillectError.swift */ = {isa = PBXFileReference; fileEncoding = 4; lastKnownFileType = sourcecode.swift; path = ArchillectError.swift; sourceTree = "<group>"; };
		0C944A5C1BDC969B00486907 /* archillect.tv.app */ = {isa = PBXFileReference; explicitFileType = wrapper.application; includeInIndex = 0; path = archillect.tv.app; sourceTree = BUILT_PRODUCTS_DIR; };
		0C944A661BDC969B00486907 /* Assets.xcassets */ = {isa = PBXFileReference; lastKnownFileType = folder.assetcatalog; path = Assets.xcassets; sourceTree = "<group>"; };
		0C944A681BDC969B00486907 /* Info.plist */ = {isa = PBXFileReference; lastKnownFileType = text.plist.xml; path = Info.plist; sourceTree = "<group>"; };
		0CE71CFF1BDD6111002077C1 /* AppDelegate.swift */ = {isa = PBXFileReference; fileEncoding = 4; lastKnownFileType = sourcecode.swift; path = AppDelegate.swift; sourceTree = "<group>"; };
		0CE71D001BDD6111002077C1 /* ArchillectController.swift */ = {isa = PBXFileReference; fileEncoding = 4; lastKnownFileType = sourcecode.swift; path = ArchillectController.swift; sourceTree = "<group>"; };
		0CE71D011BDD6111002077C1 /* ViewController.swift */ = {isa = PBXFileReference; fileEncoding = 4; lastKnownFileType = sourcecode.swift; path = ViewController.swift; sourceTree = "<group>"; };
		0CE71D061BDD6137002077C1 /* ArchillectAsset.swift */ = {isa = PBXFileReference; fileEncoding = 4; lastKnownFileType = sourcecode.swift; path = ArchillectAsset.swift; sourceTree = "<group>"; };
		0CE71D081BDD64E9002077C1 /* NSURLAdditions.swift */ = {isa = PBXFileReference; fileEncoding = 4; lastKnownFileType = sourcecode.swift; path = NSURLAdditions.swift; sourceTree = "<group>"; };
		0CE71D0A1BDD7690002077C1 /* NSDataAdditions.swift */ = {isa = PBXFileReference; fileEncoding = 4; lastKnownFileType = sourcecode.swift; path = NSDataAdditions.swift; sourceTree = "<group>"; };
/* End PBXFileReference section */

/* Begin PBXFrameworksBuildPhase section */
		0C944A591BDC969B00486907 /* Frameworks */ = {
			isa = PBXFrameworksBuildPhase;
			buildActionMask = 2147483647;
			files = (
			);
			runOnlyForDeploymentPostprocessing = 0;
		};
/* End PBXFrameworksBuildPhase section */

/* Begin PBXGroup section */
		0C144AB81BDD8B3A00FA3943 /* External */ = {
			isa = PBXGroup;
			children = (
				0C144ABC1BDD8B8C00FA3943 /* ArchillectTV-Bridging-Header.h */,
				0C144ACC1BDDB29F00FA3943 /* KSIRingView.h */,
				0C144ACD1BDDB29F00FA3943 /* KSIRingView.m */,
				0C144ABD1BDD8B8D00FA3943 /* UIImage+animatedGIF.h */,
				0C144ABE1BDD8B8D00FA3943 /* UIImage+animatedGIF.m */,
			);
			path = External;
			sourceTree = "<group>";
		};
		0C944A531BDC969B00486907 = {
			isa = PBXGroup;
			children = (
				0C944A5E1BDC969B00486907 /* ArchillectTV */,
				0C944A5D1BDC969B00486907 /* Products */,
			);
			sourceTree = "<group>";
		};
		0C944A5D1BDC969B00486907 /* Products */ = {
			isa = PBXGroup;
			children = (
				0C944A5C1BDC969B00486907 /* archillect.tv.app */,
			);
			name = Products;
			sourceTree = "<group>";
		};
		0C944A5E1BDC969B00486907 /* ArchillectTV */ = {
			isa = PBXGroup;
			children = (
				0C144AB81BDD8B3A00FA3943 /* External */,
				0CE71CFE1BDD6111002077C1 /* Source */,
				0CE71D051BDD611C002077C1 /* Resources */,
			);
			path = ArchillectTV;
			sourceTree = "<group>";
		};
		0CE71CFE1BDD6111002077C1 /* Source */ = {
			isa = PBXGroup;
			children = (
				0CE71CFF1BDD6111002077C1 /* AppDelegate.swift */,
				0CE71D061BDD6137002077C1 /* ArchillectAsset.swift */,
				0CE71D001BDD6111002077C1 /* ArchillectController.swift */,
				0C3FC8171F5E523000031AFB /* ArchillectError.swift */,
				0C144ACA1BDDABAB00FA3943 /* ErrorView.swift */,
				0C144ACF1BDDB2F100FA3943 /* LoadingView.swift */,
				0CE71D0A1BDD7690002077C1 /* NSDataAdditions.swift */,
				0CE71D081BDD64E9002077C1 /* NSURLAdditions.swift */,
				0CE71D011BDD6111002077C1 /* ViewController.swift */,
			);
			path = Source;
			sourceTree = "<group>";
		};
		0CE71D051BDD611C002077C1 /* Resources */ = {
			isa = PBXGroup;
			children = (
				0C944A661BDC969B00486907 /* Assets.xcassets */,
				0C144AC41BDDA2DF00FA3943 /* Montserrat-Bold.ttf */,
				0C144AC51BDDA2DF00FA3943 /* Montserrat-Regular.ttf */,
				0C144AC81BDDA3CD00FA3943 /* SourceCodePro-Regular.ttf */,
				0C944A681BDC969B00486907 /* Info.plist */,
			);
			name = Resources;
			sourceTree = "<group>";
		};
/* End PBXGroup section */

/* Begin PBXNativeTarget section */
		0C944A5B1BDC969B00486907 /* ArchillectTV */ = {
			isa = PBXNativeTarget;
			buildConfigurationList = 0C944A6B1BDC969B00486907 /* Build configuration list for PBXNativeTarget "ArchillectTV" */;
			buildPhases = (
				0C944A581BDC969B00486907 /* Sources */,
				0C944A591BDC969B00486907 /* Frameworks */,
				0C944A5A1BDC969B00486907 /* Resources */,
			);
			buildRules = (
			);
			dependencies = (
			);
			name = ArchillectTV;
			productName = ArchillectTV;
			productReference = 0C944A5C1BDC969B00486907 /* archillect.tv.app */;
			productType = "com.apple.product-type.application";
		};
/* End PBXNativeTarget section */

/* Begin PBXProject section */
		0C944A541BDC969B00486907 /* Project object */ = {
			isa = PBXProject;
			attributes = {
				LastSwiftUpdateCheck = 0710;
				LastUpgradeCheck = 0710;
				TargetAttributes = {
					0C944A5B1BDC969B00486907 = {
						CreatedOnToolsVersion = 7.1;
						DevelopmentTeam = F7W5R35V7L;
						LastSwiftMigration = 0800;
					};
				};
			};
			buildConfigurationList = 0C944A571BDC969B00486907 /* Build configuration list for PBXProject "ArchillectTV" */;
			compatibilityVersion = "Xcode 3.2";
			developmentRegion = English;
			hasScannedForEncodings = 0;
			knownRegions = (
				en,
				Base,
			);
			mainGroup = 0C944A531BDC969B00486907;
			productRefGroup = 0C944A5D1BDC969B00486907 /* Products */;
			projectDirPath = "";
			projectRoot = "";
			targets = (
				0C944A5B1BDC969B00486907 /* ArchillectTV */,
			);
		};
/* End PBXProject section */

/* Begin PBXResourcesBuildPhase section */
		0C944A5A1BDC969B00486907 /* Resources */ = {
			isa = PBXResourcesBuildPhase;
			buildActionMask = 2147483647;
			files = (
				0C144AC71BDDA2DF00FA3943 /* Montserrat-Regular.ttf in Resources */,
				0C144AC91BDDA3CD00FA3943 /* SourceCodePro-Regular.ttf in Resources */,
				0C144AC61BDDA2DF00FA3943 /* Montserrat-Bold.ttf in Resources */,
				0C944A671BDC969B00486907 /* Assets.xcassets in Resources */,
			);
			runOnlyForDeploymentPostprocessing = 0;
		};
/* End PBXResourcesBuildPhase section */

/* Begin PBXSourcesBuildPhase section */
		0C944A581BDC969B00486907 /* Sources */ = {
			isa = PBXSourcesBuildPhase;
			buildActionMask = 2147483647;
			files = (
				0C3FC8181F5E523000031AFB /* ArchillectError.swift in Sources */,
				0CE71D041BDD6111002077C1 /* ViewController.swift in Sources */,
				0C144ACE1BDDB29F00FA3943 /* KSIRingView.m in Sources */,
				0C144AD01BDDB2F100FA3943 /* LoadingView.swift in Sources */,
				0CE71D021BDD6111002077C1 /* AppDelegate.swift in Sources */,
				0CE71D0B1BDD7690002077C1 /* NSDataAdditions.swift in Sources */,
				0CE71D031BDD6111002077C1 /* ArchillectController.swift in Sources */,
				0C144ABF1BDD8B8D00FA3943 /* UIImage+animatedGIF.m in Sources */,
				0CE71D091BDD64E9002077C1 /* NSURLAdditions.swift in Sources */,
				0C144ACB1BDDABAB00FA3943 /* ErrorView.swift in Sources */,
				0CE71D071BDD6137002077C1 /* ArchillectAsset.swift in Sources */,
			);
			runOnlyForDeploymentPostprocessing = 0;
		};
/* End PBXSourcesBuildPhase section */

/* Begin XCBuildConfiguration section */
		0C944A691BDC969B00486907 /* Debug */ = {
			isa = XCBuildConfiguration;
			buildSettings = {
				ALWAYS_SEARCH_USER_PATHS = NO;
				CLANG_CXX_LANGUAGE_STANDARD = "gnu++0x";
				CLANG_CXX_LIBRARY = "libc++";
				CLANG_ENABLE_MODULES = YES;
				CLANG_ENABLE_OBJC_ARC = YES;
				CLANG_WARN_BOOL_CONVERSION = YES;
				CLANG_WARN_CONSTANT_CONVERSION = YES;
				CLANG_WARN_DIRECT_OBJC_ISA_USAGE = YES_ERROR;
				CLANG_WARN_EMPTY_BODY = YES;
				CLANG_WARN_ENUM_CONVERSION = YES;
				CLANG_WARN_INT_CONVERSION = YES;
				CLANG_WARN_OBJC_ROOT_CLASS = YES_ERROR;
				CLANG_WARN_UNREACHABLE_CODE = YES;
				CLANG_WARN__DUPLICATE_METHOD_MATCH = YES;
				COPY_PHASE_STRIP = NO;
				DEBUG_INFORMATION_FORMAT = dwarf;
				ENABLE_STRICT_OBJC_MSGSEND = YES;
				ENABLE_TESTABILITY = YES;
				GCC_C_LANGUAGE_STANDARD = gnu99;
				GCC_DYNAMIC_NO_PIC = NO;
				GCC_NO_COMMON_BLOCKS = YES;
				GCC_OPTIMIZATION_LEVEL = 0;
				GCC_PREPROCESSOR_DEFINITIONS = (
					"DEBUG=1",
					"$(inherited)",
				);
				GCC_WARN_64_TO_32_BIT_CONVERSION = YES;
				GCC_WARN_ABOUT_RETURN_TYPE = YES_ERROR;
				GCC_WARN_UNDECLARED_SELECTOR = YES;
				GCC_WARN_UNINITIALIZED_AUTOS = YES_AGGRESSIVE;
				GCC_WARN_UNUSED_FUNCTION = YES;
				GCC_WARN_UNUSED_VARIABLE = YES;
				MTL_ENABLE_DEBUG_INFO = YES;
				ONLY_ACTIVE_ARCH = YES;
				SDKROOT = appletvos;
				SWIFT_OPTIMIZATION_LEVEL = "-Onone";
				TARGETED_DEVICE_FAMILY = 3;
			};
			name = Debug;
		};
		0C944A6A1BDC969B00486907 /* Release */ = {
			isa = XCBuildConfiguration;
			buildSettings = {
				ALWAYS_SEARCH_USER_PATHS = NO;
				CLANG_CXX_LANGUAGE_STANDARD = "gnu++0x";
				CLANG_CXX_LIBRARY = "libc++";
				CLANG_ENABLE_MODULES = YES;
				CLANG_ENABLE_OBJC_ARC = YES;
				CLANG_WARN_BOOL_CONVERSION = YES;
				CLANG_WARN_CONSTANT_CONVERSION = YES;
				CLANG_WARN_DIRECT_OBJC_ISA_USAGE = YES_ERROR;
				CLANG_WARN_EMPTY_BODY = YES;
				CLANG_WARN_ENUM_CONVERSION = YES;
				CLANG_WARN_INT_CONVERSION = YES;
				CLANG_WARN_OBJC_ROOT_CLASS = YES_ERROR;
				CLANG_WARN_UNREACHABLE_CODE = YES;
				CLANG_WARN__DUPLICATE_METHOD_MATCH = YES;
				COPY_PHASE_STRIP = NO;
				DEBUG_INFORMATION_FORMAT = "dwarf-with-dsym";
				ENABLE_NS_ASSERTIONS = NO;
				ENABLE_STRICT_OBJC_MSGSEND = YES;
				GCC_C_LANGUAGE_STANDARD = gnu99;
				GCC_NO_COMMON_BLOCKS = YES;
				GCC_WARN_64_TO_32_BIT_CONVERSION = YES;
				GCC_WARN_ABOUT_RETURN_TYPE = YES_ERROR;
				GCC_WARN_UNDECLARED_SELECTOR = YES;
				GCC_WARN_UNINITIALIZED_AUTOS = YES_AGGRESSIVE;
				GCC_WARN_UNUSED_FUNCTION = YES;
				GCC_WARN_UNUSED_VARIABLE = YES;
				MTL_ENABLE_DEBUG_INFO = NO;
				SDKROOT = appletvos;
				TARGETED_DEVICE_FAMILY = 3;
				VALIDATE_PRODUCT = YES;
			};
			name = Release;
		};
		0C944A6C1BDC969B00486907 /* Debug */ = {
			isa = XCBuildConfiguration;
			buildSettings = {
				ASSETCATALOG_COMPILER_APPICON_NAME = "App Icon & Top Shelf Image";
				ASSETCATALOG_COMPILER_LAUNCHIMAGE_NAME = LaunchImage;
				CLANG_ENABLE_MODULES = YES;
				CODE_SIGN_IDENTITY = "iPhone Developer";
				"CODE_SIGN_IDENTITY[sdk=appletvos*]" = "iPhone Developer";
				DEVELOPMENT_TEAM = F7W5R35V7L;
				INFOPLIST_FILE = ArchillectTV/Info.plist;
				LD_RUNPATH_SEARCH_PATHS = "$(inherited) @executable_path/Frameworks";
				PRODUCT_BUNDLE_IDENTIFIER = com.zanneth.ArchillectTV;
				PRODUCT_NAME = archillect.tv;
				PROVISIONING_PROFILE = "";
				SWIFT_OBJC_BRIDGING_HEADER = "ArchillectTV/External/ArchillectTV-Bridging-Header.h";
				SWIFT_OPTIMIZATION_LEVEL = "-Onone";
				SWIFT_VERSION = 3.0;
			};
			name = Debug;
		};
		0C944A6D1BDC969B00486907 /* Release */ = {
			isa = XCBuildConfiguration;
			buildSettings = {
				ASSETCATALOG_COMPILER_APPICON_NAME = "App Icon & Top Shelf Image";
				ASSETCATALOG_COMPILER_LAUNCHIMAGE_NAME = LaunchImage;
				CLANG_ENABLE_MODULES = YES;
				CODE_SIGN_IDENTITY = "iPhone Developer";
				"CODE_SIGN_IDENTITY[sdk=appletvos*]" = "iPhone Developer";
				DEVELOPMENT_TEAM = F7W5R35V7L;
				INFOPLIST_FILE = ArchillectTV/Info.plist;
				LD_RUNPATH_SEARCH_PATHS = "$(inherited) @executable_path/Frameworks";
				PRODUCT_BUNDLE_IDENTIFIER = com.zanneth.ArchillectTV;
				PRODUCT_NAME = archillect.tv;
				PROVISIONING_PROFILE = "";
				SWIFT_OBJC_BRIDGING_HEADER = "ArchillectTV/External/ArchillectTV-Bridging-Header.h";
				SWIFT_VERSION = 3.0;
			};
			name = Release;
		};
/* End XCBuildConfiguration section */

/* Begin XCConfigurationList section */
		0C944A571BDC969B00486907 /* Build configuration list for PBXProject "ArchillectTV" */ = {
			isa = XCConfigurationList;
			buildConfigurations = (
				0C944A691BDC969B00486907 /* Debug */,
				0C944A6A1BDC969B00486907 /* Release */,
			);
			defaultConfigurationIsVisible = 0;
			defaultConfigurationName = Release;
		};
		0C944A6B1BDC969B00486907 /* Build configuration list for PBXNativeTarget "ArchillectTV" */ = {
			isa = XCConfigurationList;
			buildConfigurations = (
				0C944A6C1BDC969B00486907 /* Debug */,
				0C944A6D1BDC969B00486907 /* Release */,
			);
			defaultConfigurationIsVisible = 0;
			defaultConfigurationName = Release;
		};
/* End XCConfigurationList section */
	};
	rootObject = 0C944A541BDC969B00486907 /* Project object */;
}
